// !$*UTF8*$!
{
	archiveVersion = 1;
	classes = {
	};
	objectVersion = 56;
	objects = {

/* Begin PBXBuildFile section */
		8B15CB0A2A5D4F4C00311224 /* AppDelegate.swift in Sources */ = {isa = PBXBuildFile; fileRef = 8B15CB092A5D4F4C00311224 /* AppDelegate.swift */; };
		8B15CB0C2A5D4F4C00311224 /* SceneDelegate.swift in Sources */ = {isa = PBXBuildFile; fileRef = 8B15CB0B2A5D4F4C00311224 /* SceneDelegate.swift */; };
		8B15CB0E2A5D4F4C00311224 /* ViewController.swift in Sources */ = {isa = PBXBuildFile; fileRef = 8B15CB0D2A5D4F4C00311224 /* ViewController.swift */; };
		8B15CB112A5D4F4C00311224 /* Main.storyboard in Resources */ = {isa = PBXBuildFile; fileRef = 8B15CB0F2A5D4F4C00311224 /* Main.storyboard */; };
		8B15CB132A5D4F4D00311224 /* Assets.xcassets in Resources */ = {isa = PBXBuildFile; fileRef = 8B15CB122A5D4F4D00311224 /* Assets.xcassets */; };
		8B15CB162A5D4F4D00311224 /* LaunchScreen.storyboard in Resources */ = {isa = PBXBuildFile; fileRef = 8B15CB142A5D4F4D00311224 /* LaunchScreen.storyboard */; };
/* End PBXBuildFile section */

/* Begin PBXFileReference section */
		8B15CB062A5D4F4C00311224 /* iosPatika.app */ = {isa = PBXFileReference; explicitFileType = wrapper.application; includeInIndex = 0; path = iosPatika.app; sourceTree = BUILT_PRODUCTS_DIR; };
		8B15CB092A5D4F4C00311224 /* AppDelegate.swift */ = {isa = PBXFileReference; lastKnownFileType = sourcecode.swift; path = AppDelegate.swift; sourceTree = "<group>"; };
		8B15CB0B2A5D4F4C00311224 /* SceneDelegate.swift */ = {isa = PBXFileReference; lastKnownFileType = sourcecode.swift; path = SceneDelegate.swift; sourceTree = "<group>"; };
		8B15CB0D2A5D4F4C00311224 /* ViewController.swift */ = {isa = PBXFileReference; lastKnownFileType = sourcecode.swift; path = ViewController.swift; sourceTree = "<group>"; };
		8B15CB102A5D4F4C00311224 /* Base */ = {isa = PBXFileReference; lastKnownFileType = file.storyboard; name = Base; path = Base.lproj/Main.storyboard; sourceTree = "<group>"; };
		8B15CB122A5D4F4D00311224 /* Assets.xcassets */ = {isa = PBXFileReference; lastKnownFileType = folder.assetcatalog; path = Assets.xcassets; sourceTree = "<group>"; };
		8B15CB152A5D4F4D00311224 /* Base */ = {isa = PBXFileReference; lastKnownFileType = file.storyboard; name = Base; path = Base.lproj/LaunchScreen.storyboard; sourceTree = "<group>"; };
		8B15CB172A5D4F4D00311224 /* Info.plist */ = {isa = PBXFileReference; lastKnownFileType = text.plist.xml; path = Info.plist; sourceTree = "<group>"; };
/* End PBXFileReference section */

/* Begin PBXFrameworksBuildPhase section */
		8B15CB032A5D4F4C00311224 /* Frameworks */ = {
			isa = PBXFrameworksBuildPhase;
			buildActionMask = 2147483647;
			files = (
			);
			runOnlyForDeploymentPostprocessing = 0;
		};
/* End PBXFrameworksBuildPhase section */

/* Begin PBXGroup section */
		8B15CAFD2A5D4F4C00311224 = {
			isa = PBXGroup;
			children = (
				8B15CB082A5D4F4C00311224 /* iosPatika */,
				8B15CB072A5D4F4C00311224 /* Products */,
			);
			sourceTree = "<group>";
		};
		8B15CB072A5D4F4C00311224 /* Products */ = {
			isa = PBXGroup;
			children = (
				8B15CB062A5D4F4C00311224 /* iosPatika.app */,
			);
			name = Products;
			sourceTree = "<group>";
		};
		8B15CB082A5D4F4C00311224 /* iosPatika */ = {
			isa = PBXGroup;
			children = (
				8B15CB1F2A5D50B500311224 /* Views */,
				8B15CB1E2A5D509E00311224 /* Controllers */,
				8B15CB1D2A5D501300311224 /* Supporting Files */,
			);
			path = iosPatika;
			sourceTree = "<group>";
		};
		8B15CB1D2A5D501300311224 /* Supporting Files */ = {
			isa = PBXGroup;
			children = (
				8B15CB092A5D4F4C00311224 /* AppDelegate.swift */,
				8B15CB0B2A5D4F4C00311224 /* SceneDelegate.swift */,
				8B15CB122A5D4F4D00311224 /* Assets.xcassets */,
				8B15CB142A5D4F4D00311224 /* LaunchScreen.storyboard */,
				8B15CB172A5D4F4D00311224 /* Info.plist */,
			);
			name = "Supporting Files";
			sourceTree = "<group>";
		};
		8B15CB1E2A5D509E00311224 /* Controllers */ = {
			isa = PBXGroup;
			children = (
				8B15CB0D2A5D4F4C00311224 /* ViewController.swift */,
			);
			name = Controllers;
			sourceTree = "<group>";
		};
		8B15CB1F2A5D50B500311224 /* Views */ = {
			isa = PBXGroup;
			children = (
				8B15CB0F2A5D4F4C00311224 /* Main.storyboard */,
			);
			name = Views;
			sourceTree = "<group>";
		};
/* End PBXGroup section */

/* Begin PBXNativeTarget section */
		8B15CB052A5D4F4C00311224 /* iosPatika */ = {
			isa = PBXNativeTarget;
			buildConfigurationList = 8B15CB1A2A5D4F4D00311224 /* Build configuration list for PBXNativeTarget "iosPatika" */;
			buildPhases = (
				8B15CB022A5D4F4C00311224 /* Sources */,
				8B15CB032A5D4F4C00311224 /* Frameworks */,
				8B15CB042A5D4F4C00311224 /* Resources */,
			);
			buildRules = (
			);
			dependencies = (
			);
			name = iosPatika;
			productName = iosPatika;
			productReference = 8B15CB062A5D4F4C00311224 /* iosPatika.app */;
			productType = "com.apple.product-type.application";
		};
/* End PBXNativeTarget section */

/* Begin PBXProject section */
		8B15CAFE2A5D4F4C00311224 /* Project object */ = {
			isa = PBXProject;
			attributes = {
				BuildIndependentTargetsInParallel = 1;
				LastSwiftUpdateCheck = 1430;
				LastUpgradeCheck = 1430;
				TargetAttributes = {
					8B15CB052A5D4F4C00311224 = {
						CreatedOnToolsVersion = 14.3.1;
					};
				};
			};
			buildConfigurationList = 8B15CB012A5D4F4C00311224 /* Build configuration list for PBXProject "iosPatika" */;
			compatibilityVersion = "Xcode 14.0";
			developmentRegion = en;
			hasScannedForEncodings = 0;
			knownRegions = (
				en,
				Base,
			);
			mainGroup = 8B15CAFD2A5D4F4C00311224;
			productRefGroup = 8B15CB072A5D4F4C00311224 /* Products */;
			projectDirPath = "";
			projectRoot = "";
			targets = (
				8B15CB052A5D4F4C00311224 /* iosPatika */,
			);
		};
/* End PBXProject section */

/* Begin PBXResourcesBuildPhase section */
		8B15CB042A5D4F4C00311224 /* Resources */ = {
			isa = PBXResourcesBuildPhase;
			buildActionMask = 2147483647;
			files = (
				8B15CB162A5D4F4D00311224 /* LaunchScreen.storyboard in Resources */,
				8B15CB132A5D4F4D00311224 /* Assets.xcassets in Resources */,
				8B15CB112A5D4F4C00311224 /* Main.storyboard in Resources */,
			);
			runOnlyForDeploymentPostprocessing = 0;
		};
/* End PBXResourcesBuildPhase section */

/* Begin PBXSourcesBuildPhase section */
		8B15CB022A5D4F4C00311224 /* Sources */ = {
			isa = PBXSourcesBuildPhase;
			buildActionMask = 2147483647;
			files = (
				8B15CB0E2A5D4F4C00311224 /* ViewController.swift in Sources */,
				8B15CB0A2A5D4F4C00311224 /* AppDelegate.swift in Sources */,
				8B15CB0C2A5D4F4C00311224 /* SceneDelegate.swift in Sources */,
			);
			runOnlyForDeploymentPostprocessing = 0;
		};
/* End PBXSourcesBuildPhase section */

/* Begin PBXVariantGroup section */
		8B15CB0F2A5D4F4C00311224 /* Main.storyboard */ = {
			isa = PBXVariantGroup;
			children = (
				8B15CB102A5D4F4C00311224 /* Base */,
			);
			name = Main.storyboard;
			sourceTree = "<group>";
		};
		8B15CB142A5D4F4D00311224 /* LaunchScreen.storyboard */ = {
			isa = PBXVariantGroup;
			children = (
				8B15CB152A5D4F4D00311224 /* Base */,
			);
			name = LaunchScreen.storyboard;
			sourceTree = "<group>";
		};
/* End PBXVariantGroup section */

/* Begin XCBuildConfiguration section */
		8B15CB182A5D4F4D00311224 /* Debug */ = {
			isa = XCBuildConfiguration;
			buildSettings = {
				ALWAYS_SEARCH_USER_PATHS = NO;
				CLANG_ANALYZER_NONNULL = YES;
				CLANG_ANALYZER_NUMBER_OBJECT_CONVERSION = YES_AGGRESSIVE;
				CLANG_CXX_LANGUAGE_STANDARD = "gnu++20";
				CLANG_ENABLE_MODULES = YES;
				CLANG_ENABLE_OBJC_ARC = YES;
				CLANG_ENABLE_OBJC_WEAK = YES;
				CLANG_WARN_BLOCK_CAPTURE_AUTORELEASING = YES;
				CLANG_WARN_BOOL_CONVERSION = YES;
				CLANG_WARN_COMMA = YES;
				CLANG_WARN_CONSTANT_CONVERSION = YES;
				CLANG_WARN_DEPRECATED_OBJC_IMPLEMENTATIONS = YES;
				CLANG_WARN_DIRECT_OBJC_ISA_USAGE = YES_ERROR;
				CLANG_WARN_DOCUMENTATION_COMMENTS = YES;
				CLANG_WARN_EMPTY_BODY = YES;
				CLANG_WARN_ENUM_CONVERSION = YES;
				CLANG_WARN_INFINITE_RECURSION = YES;
				CLANG_WARN_INT_CONVERSION = YES;
				CLANG_WARN_NON_LITERAL_NULL_CONVERSION = YES;
				CLANG_WARN_OBJC_IMPLICIT_RETAIN_SELF = YES;
				CLANG_WARN_OBJC_LITERAL_CONVERSION = YES;
				CLANG_WARN_OBJC_ROOT_CLASS = YES_ERROR;
				CLANG_WARN_QUOTED_INCLUDE_IN_FRAMEWORK_HEADER = YES;
				CLANG_WARN_RANGE_LOOP_ANALYSIS = YES;
				CLANG_WARN_STRICT_PROTOTYPES = YES;
				CLANG_WARN_SUSPICIOUS_MOVE = YES;
				CLANG_WARN_UNGUARDED_AVAILABILITY = YES_AGGRESSIVE;
				CLANG_WARN_UNREACHABLE_CODE = YES;
				CLANG_WARN__DUPLICATE_METHOD_MATCH = YES;
				COPY_PHASE_STRIP = NO;
				DEBUG_INFORMATION_FORMAT = dwarf;
				ENABLE_STRICT_OBJC_MSGSEND = YES;
				ENABLE_TESTABILITY = YES;
				GCC_C_LANGUAGE_STANDARD = gnu11;
				GCC_DYNAMIC_NO_PIC = NO;
				GCC_NO_COMMON_BLOCKS = YES;
				GCC_OPTIMIZATION_LEVEL = 0;
				GCC_PREPROCESSOR_DEFINITIONS = (
					"DEBUG=1",
					"$(inherited)",
				);
				GCC_WARN_64_TO_32_BIT_CONVERSION = YES;
				GCC_WARN_ABOUT_RETURN_TYPE = YES_ERROR;
				GCC_WARN_UNDECLARED_SELECTOR = YES;
				GCC_WARN_UNINITIALIZED_AUTOS = YES_AGGRESSIVE;
				GCC_WARN_UNUSED_FUNCTION = YES;
				GCC_WARN_UNUSED_VARIABLE = YES;
				IPHONEOS_DEPLOYMENT_TARGET = 16.4;
				MTL_ENABLE_DEBUG_INFO = INCLUDE_SOURCE;
				MTL_FAST_MATH = YES;
				ONLY_ACTIVE_ARCH = YES;
				SDKROOT = iphoneos;
				SWIFT_ACTIVE_COMPILATION_CONDITIONS = DEBUG;
				SWIFT_OPTIMIZATION_LEVEL = "-Onone";
			};
			name = Debug;
		};
		8B15CB192A5D4F4D00311224 /* Release */ = {
			isa = XCBuildConfiguration;
			buildSettings = {
				ALWAYS_SEARCH_USER_PATHS = NO;
				CLANG_ANALYZER_NONNULL = YES;
				CLANG_ANALYZER_NUMBER_OBJECT_CONVERSION = YES_AGGRESSIVE;
				CLANG_CXX_LANGUAGE_STANDARD = "gnu++20";
				CLANG_ENABLE_MODULES = YES;
				CLANG_ENABLE_OBJC_ARC = YES;
				CLANG_ENABLE_OBJC_WEAK = YES;
				CLANG_WARN_BLOCK_CAPTURE_AUTORELEASING = YES;
				CLANG_WARN_BOOL_CONVERSION = YES;
				CLANG_WARN_COMMA = YES;
				CLANG_WARN_CONSTANT_CONVERSION = YES;
				CLANG_WARN_DEPRECATED_OBJC_IMPLEMENTATIONS = YES;
				CLANG_WARN_DIRECT_OBJC_ISA_USAGE = YES_ERROR;
				CLANG_WARN_DOCUMENTATION_COMMENTS = YES;
				CLANG_WARN_EMPTY_BODY = YES;
				CLANG_WARN_ENUM_CONVERSION = YES;
				CLANG_WARN_INFINITE_RECURSION = YES;
				CLANG_WARN_INT_CONVERSION = YES;
				CLANG_WARN_NON_LITERAL_NULL_CONVERSION = YES;
				CLANG_WARN_OBJC_IMPLICIT_RETAIN_SELF = YES;
				CLANG_WARN_OBJC_LITERAL_CONVERSION = YES;
				CLANG_WARN_OBJC_ROOT_CLASS = YES_ERROR;
				CLANG_WARN_QUOTED_INCLUDE_IN_FRAMEWORK_HEADER = YES;
				CLANG_WARN_RANGE_LOOP_ANALYSIS = YES;
				CLANG_WARN_STRICT_PROTOTYPES = YES;
				CLANG_WARN_SUSPICIOUS_MOVE = YES;
				CLANG_WARN_UNGUARDED_AVAILABILITY = YES_AGGRESSIVE;
				CLANG_WARN_UNREACHABLE_CODE = YES;
				CLANG_WARN__DUPLICATE_METHOD_MATCH = YES;
				COPY_PHASE_STRIP = NO;
				DEBUG_INFORMATION_FORMAT = "dwarf-with-dsym";
				ENABLE_NS_ASSERTIONS = NO;
				ENABLE_STRICT_OBJC_MSGSEND = YES;
				GCC_C_LANGUAGE_STANDARD = gnu11;
				GCC_NO_COMMON_BLOCKS = YES;
				GCC_WARN_64_TO_32_BIT_CONVERSION = YES;
				GCC_WARN_ABOUT_RETURN_TYPE = YES_ERROR;
				GCC_WARN_UNDECLARED_SELECTOR = YES;
				GCC_WARN_UNINITIALIZED_AUTOS = YES_AGGRESSIVE;
				GCC_WARN_UNUSED_FUNCTION = YES;
				GCC_WARN_UNUSED_VARIABLE = YES;
				IPHONEOS_DEPLOYMENT_TARGET = 16.4;
				MTL_ENABLE_DEBUG_INFO = NO;
				MTL_FAST_MATH = YES;
				SDKROOT = iphoneos;
				SWIFT_COMPILATION_MODE = wholemodule;
				SWIFT_OPTIMIZATION_LEVEL = "-O";
				VALIDATE_PRODUCT = YES;
			};
			name = Release;
		};
		8B15CB1B2A5D4F4D00311224 /* Debug */ = {
			isa = XCBuildConfiguration;
			buildSettings = {
				ASSETCATALOG_COMPILER_APPICON_NAME = AppIcon;
				ASSETCATALOG_COMPILER_GLOBAL_ACCENT_COLOR_NAME = AccentColor;
				CODE_SIGN_STYLE = Automatic;
				CURRENT_PROJECT_VERSION = 1;
				DEVELOPMENT_TEAM = BH3HZT2RB3;
				GENERATE_INFOPLIST_FILE = YES;
				INFOPLIST_FILE = iosPatika/Info.plist;
				INFOPLIST_KEY_UIApplicationSupportsIndirectInputEvents = YES;
				INFOPLIST_KEY_UILaunchStoryboardName = LaunchScreen;
				INFOPLIST_KEY_UIMainStoryboardFile = Main;
				INFOPLIST_KEY_UIStatusBarStyle = "";
				LD_RUNPATH_SEARCH_PATHS = (
					"$(inherited)",
					"@executable_path/Frameworks",
				);
				MARKETING_VERSION = 1.0;
				PRODUCT_BUNDLE_IDENTIFIER = com.salimozel.iosPatika;
				PRODUCT_NAME = "$(TARGET_NAME)";
				SUPPORTED_PLATFORMS = "iphoneos iphonesimulator";
				SUPPORTS_MACCATALYST = NO;
				SUPPORTS_MAC_DESIGNED_FOR_IPHONE_IPAD = NO;
				SWIFT_EMIT_LOC_STRINGS = YES;
				SWIFT_VERSION = 5.0;
				TARGETED_DEVICE_FAMILY = 1;
			};
			name = Debug;
		};
		8B15CB1C2A5D4F4D00311224 /* Release */ = {
			isa = XCBuildConfiguration;
			buildSettings = {
				ASSETCATALOG_COMPILER_APPICON_NAME = AppIcon;
				ASSETCATALOG_COMPILER_GLOBAL_ACCENT_COLOR_NAME = AccentColor;
				CODE_SIGN_STYLE = Automatic;
				CURRENT_PROJECT_VERSION = 1;
				DEVELOPMENT_TEAM = BH3HZT2RB3;
				GENERATE_INFOPLIST_FILE = YES;
				INFOPLIST_FILE = iosPatika/Info.plist;
				INFOPLIST_KEY_UIApplicationSupportsIndirectInputEvents = YES;
				INFOPLIST_KEY_UILaunchStoryboardName = LaunchScreen;
				INFOPLIST_KEY_UIMainStoryboardFile = Main;
				INFOPLIST_KEY_UIStatusBarStyle = "";
				LD_RUNPATH_SEARCH_PATHS = (
					"$(inherited)",
					"@executable_path/Frameworks",
				);
				MARKETING_VERSION = 1.0;
				PRODUCT_BUNDLE_IDENTIFIER = com.salimozel.iosPatika;
				PRODUCT_NAME = "$(TARGET_NAME)";
				SUPPORTED_PLATFORMS = "iphoneos iphonesimulator";
				SUPPORTS_MACCATALYST = NO;
				SUPPORTS_MAC_DESIGNED_FOR_IPHONE_IPAD = NO;
				SWIFT_EMIT_LOC_STRINGS = YES;
				SWIFT_VERSION = 5.0;
				TARGETED_DEVICE_FAMILY = 1;
			};
			name = Release;
		};
/* End XCBuildConfiguration section */

/* Begin XCConfigurationList section */
		8B15CB012A5D4F4C00311224 /* Build configuration list for PBXProject "iosPatika" */ = {
			isa = XCConfigurationList;
			buildConfigurations = (
				8B15CB182A5D4F4D00311224 /* Debug */,
				8B15CB192A5D4F4D00311224 /* Release */,
			);
			defaultConfigurationIsVisible = 0;
			defaultConfigurationName = Release;
		};
		8B15CB1A2A5D4F4D00311224 /* Build configuration list for PBXNativeTarget "iosPatika" */ = {
			isa = XCConfigurationList;
			buildConfigurations = (
				8B15CB1B2A5D4F4D00311224 /* Debug */,
				8B15CB1C2A5D4F4D00311224 /* Release */,
			);
			defaultConfigurationIsVisible = 0;
			defaultConfigurationName = Release;
		};
/* End XCConfigurationList section */
	};
	rootObject = 8B15CAFE2A5D4F4C00311224 /* Project object */;
}
